
Microsoft Visual Studio Solution File, Format Version 12.00
# Visual Studio Version 17
VisualStudioVersion = 17.11.35303.130
MinimumVisualStudioVersion = 10.0.40219.1
Project("{2150E333-8FDC-42A3-9474-1A3956D46DE8}") = "src", "src", "{A161700E-10CA-4835-9C45-068CDDD9B81C}"
EndProject
Project("{2150E333-8FDC-42A3-9474-1A3956D46DE8}") = "tests", "tests", "{928746BF-2D8A-4591-929C-5A9EEDDF13B9}"
EndProject
Project("{9A19103F-16F7-4668-BE54-9A1E7A4F7556}") = "PioConnection.Api", "src\PioConnection.Api\PioConnection.Api.csproj", "{BA541263-5D38-4C44-A9B2-014073A6674F}"
EndProject
Project("{9A19103F-16F7-4668-BE54-9A1E7A4F7556}") = "PioConnection.ConnectionDetails", "src\C_sharp_2_0\PioConnection.ConnectionDetails.csproj", "{24EB3A37-2AFB-4367-9D1F-86F79700AAB9}"
EndProject
Project("{9A19103F-16F7-4668-BE54-9A1E7A4F7556}") = "PioConnection.Api.Tests.Unit", "tests\PioConnection.Api.Tests.Unit\PioConnection.Api.Tests.Unit.csproj", "{FAA44922-972C-4082-9FF4-4CB70D98B210}"
EndProject
Project("{9A19103F-16F7-4668-BE54-9A1E7A4F7556}") = "PioConnection.Api.Tests.Intergration", "tests\PioConnection.Api.Tests.Intergration\PioConnection.Api.Tests.Intergration.csproj", "{EAAAC2E5-E9BE-4731-8111-0B15D13B8612}"
EndProject
Project("{9A19103F-16F7-4668-BE54-9A1E7A4F7556}") = "ConsoleTests", "src\ConsoleTests\ConsoleTests.csproj", "{0AD0D4F5-6FF4-47E9-A9FD-E85B66755B12}"
EndProject
Project("{9A19103F-16F7-4668-BE54-9A1E7A4F7556}") = "PioConnection.Commands", "src\PioConnection.Commands\PioConnection.Commands.csproj", "{6A2C7F1C-EADB-4560-9B89-8802E81B1FA7}"
EndProject
Project("{9A19103F-16F7-4668-BE54-9A1E7A4F7556}") = "PioConnection.Dtos", "src\PioConnection.Dtos\PioConnection.Dtos.csproj", "{F1EDD41F-3355-4950-A9B8-B8AF943C83AB}"
EndProject
Project("{9A19103F-16F7-4668-BE54-9A1E7A4F7556}") = "PioConnection.Dtos.Tests.Unit", "tests\PioConnection.Dtos.Tests.Unit\PioConnection.Dtos.Tests.Unit.csproj", "{8092088B-DF66-4DEA-ADFA-E2B4D1B3F873}"
EndProject
Project("{9A19103F-16F7-4668-BE54-9A1E7A4F7556}") = "PioConnection.Commands.Tests.Unit", "tests\PioConnection.Commands.Tests.Unit\PioConnection.Commands.Tests.Unit.csproj", "{FDED3C54-032F-4955-9BF9-C3E95C2FFDDD}"
EndProject
Project("{2150E333-8FDC-42A3-9474-1A3956D46DE8}") = "Solution Items", "Solution Items", "{C55016D8-67A4-415A-AA38-39EFAA2EB9E7}"
	ProjectSection(SolutionItems) = preProject
		Dockerfile = Dockerfile
	EndProjectSection
EndProject
Global
	GlobalSection(SolutionConfigurationPlatforms) = preSolution
		Debug|Any CPU = Debug|Any CPU
		Release|Any CPU = Release|Any CPU
	EndGlobalSection
	GlobalSection(ProjectConfigurationPlatforms) = postSolution
		{BA541263-5D38-4C44-A9B2-014073A6674F}.Debug|Any CPU.ActiveCfg = Debug|Any CPU
		{BA541263-5D38-4C44-A9B2-014073A6674F}.Debug|Any CPU.Build.0 = Debug|Any CPU
		{BA541263-5D38-4C44-A9B2-014073A6674F}.Release|Any CPU.ActiveCfg = Release|Any CPU
		{BA541263-5D38-4C44-A9B2-014073A6674F}.Release|Any CPU.Build.0 = Release|Any CPU
		{24EB3A37-2AFB-4367-9D1F-86F79700AAB9}.Debug|Any CPU.ActiveCfg = Debug|Any CPU
		{24EB3A37-2AFB-4367-9D1F-86F79700AAB9}.Debug|Any CPU.Build.0 = Debug|Any CPU
		{24EB3A37-2AFB-4367-9D1F-86F79700AAB9}.Release|Any CPU.ActiveCfg = Release|Any CPU
		{24EB3A37-2AFB-4367-9D1F-86F79700AAB9}.Release|Any CPU.Build.0 = Release|Any CPU
		{FAA44922-972C-4082-9FF4-4CB70D98B210}.Debug|Any CPU.ActiveCfg = Debug|Any CPU
		{FAA44922-972C-4082-9FF4-4CB70D98B210}.Debug|Any CPU.Build.0 = Debug|Any CPU
		{FAA44922-972C-4082-9FF4-4CB70D98B210}.Release|Any CPU.ActiveCfg = Release|Any CPU
		{FAA44922-972C-4082-9FF4-4CB70D98B210}.Release|Any CPU.Build.0 = Release|Any CPU
		{EAAAC2E5-E9BE-4731-8111-0B15D13B8612}.Debug|Any CPU.ActiveCfg = Debug|Any CPU
		{EAAAC2E5-E9BE-4731-8111-0B15D13B8612}.Debug|Any CPU.Build.0 = Debug|Any CPU
		{EAAAC2E5-E9BE-4731-8111-0B15D13B8612}.Release|Any CPU.ActiveCfg = Release|Any CPU
		{EAAAC2E5-E9BE-4731-8111-0B15D13B8612}.Release|Any CPU.Build.0 = Release|Any CPU
		{0AD0D4F5-6FF4-47E9-A9FD-E85B66755B12}.Debug|Any CPU.ActiveCfg = Debug|Any CPU
		{0AD0D4F5-6FF4-47E9-A9FD-E85B66755B12}.Debug|Any CPU.Build.0 = Debug|Any CPU
		{0AD0D4F5-6FF4-47E9-A9FD-E85B66755B12}.Release|Any CPU.ActiveCfg = Release|Any CPU
		{0AD0D4F5-6FF4-47E9-A9FD-E85B66755B12}.Release|Any CPU.Build.0 = Release|Any CPU
		{6A2C7F1C-EADB-4560-9B89-8802E81B1FA7}.Debug|Any CPU.ActiveCfg = Debug|Any CPU
		{6A2C7F1C-EADB-4560-9B89-8802E81B1FA7}.Debug|Any CPU.Build.0 = Debug|Any CPU
		{6A2C7F1C-EADB-4560-9B89-8802E81B1FA7}.Release|Any CPU.ActiveCfg = Release|Any CPU
		{6A2C7F1C-EADB-4560-9B89-8802E81B1FA7}.Release|Any CPU.Build.0 = Release|Any CPU
		{F1EDD41F-3355-4950-A9B8-B8AF943C83AB}.Debug|Any CPU.ActiveCfg = Debug|Any CPU
		{F1EDD41F-3355-4950-A9B8-B8AF943C83AB}.Debug|Any CPU.Build.0 = Debug|Any CPU
		{F1EDD41F-3355-4950-A9B8-B8AF943C83AB}.Release|Any CPU.ActiveCfg = Release|Any CPU
		{F1EDD41F-3355-4950-A9B8-B8AF943C83AB}.Release|Any CPU.Build.0 = Release|Any CPU
		{8092088B-DF66-4DEA-ADFA-E2B4D1B3F873}.Debug|Any CPU.ActiveCfg = Debug|Any CPU
		{8092088B-DF66-4DEA-ADFA-E2B4D1B3F873}.Debug|Any CPU.Build.0 = Debug|Any CPU
		{8092088B-DF66-4DEA-ADFA-E2B4D1B3F873}.Release|Any CPU.ActiveCfg = Release|Any CPU
		{8092088B-DF66-4DEA-ADFA-E2B4D1B3F873}.Release|Any CPU.Build.0 = Release|Any CPU
		{FDED3C54-032F-4955-9BF9-C3E95C2FFDDD}.Debug|Any CPU.ActiveCfg = Debug|Any CPU
		{FDED3C54-032F-4955-9BF9-C3E95C2FFDDD}.Debug|Any CPU.Build.0 = Debug|Any CPU
		{FDED3C54-032F-4955-9BF9-C3E95C2FFDDD}.Release|Any CPU.ActiveCfg = Release|Any CPU
		{FDED3C54-032F-4955-9BF9-C3E95C2FFDDD}.Release|Any CPU.Build.0 = Release|Any CPU
	EndGlobalSection
	GlobalSection(SolutionProperties) = preSolution
		HideSolutionNode = FALSE
	EndGlobalSection
	GlobalSection(NestedProjects) = preSolution
		{BA541263-5D38-4C44-A9B2-014073A6674F} = {A161700E-10CA-4835-9C45-068CDDD9B81C}
		{24EB3A37-2AFB-4367-9D1F-86F79700AAB9} = {A161700E-10CA-4835-9C45-068CDDD9B81C}
		{FAA44922-972C-4082-9FF4-4CB70D98B210} = {928746BF-2D8A-4591-929C-5A9EEDDF13B9}
		{EAAAC2E5-E9BE-4731-8111-0B15D13B8612} = {928746BF-2D8A-4591-929C-5A9EEDDF13B9}
		{0AD0D4F5-6FF4-47E9-A9FD-E85B66755B12} = {A161700E-10CA-4835-9C45-068CDDD9B81C}
		{6A2C7F1C-EADB-4560-9B89-8802E81B1FA7} = {A161700E-10CA-4835-9C45-068CDDD9B81C}
		{F1EDD41F-3355-4950-A9B8-B8AF943C83AB} = {A161700E-10CA-4835-9C45-068CDDD9B81C}
		{8092088B-DF66-4DEA-ADFA-E2B4D1B3F873} = {928746BF-2D8A-4591-929C-5A9EEDDF13B9}
		{FDED3C54-032F-4955-9BF9-C3E95C2FFDDD} = {928746BF-2D8A-4591-929C-5A9EEDDF13B9}
	EndGlobalSection
EndGlobal
