
Microsoft Visual Studio Solution File, Format Version 12.00
Project("{2150E333-8FDC-42A3-9474-1A3956D46DE8}") = "src", "src", "{A161700E-10CA-4835-9C45-068CDDD9B81C}"
EndProject
Project("{2150E333-8FDC-42A3-9474-1A3956D46DE8}") = "tests", "tests", "{928746BF-2D8A-4591-929C-5A9EEDDF13B9}"
EndProject
Project("{FAE04EC0-301F-11D3-BF4B-00C04F79EFBC}") = "PioConnection.Api", "src\PioConnection.Api\PioConnection.Api.csproj", "{BA541263-5D38-4C44-A9B2-014073A6674F}"
EndProject
Project("{FAE04EC0-301F-11D3-BF4B-00C04F79EFBC}") = "PioConnection.Commands", "src\PioConnection.Commands\PioConnection.Commands.csproj", "{D6515B03-6D58-4D2E-9634-5BD9BCF1FCDC}"
EndProject
Project("{FAE04EC0-301F-11D3-BF4B-00C04F79EFBC}") = "PioConnection.ConnectionDetails", "src\C_sharp_2_0\PioConnection.ConnectionDetails.csproj", "{24EB3A37-2AFB-4367-9D1F-86F79700AAB9}"
EndProject
Project("{FAE04EC0-301F-11D3-BF4B-00C04F79EFBC}") = "PioConnection.Api.Tests.Unit", "tests\PioConnection.Api.Tests.Unit\PioConnection.Api.Tests.Unit.csproj", "{FAA44922-972C-4082-9FF4-4CB70D98B210}"
EndProject
Project("{FAE04EC0-301F-11D3-BF4B-00C04F79EFBC}") = "PioConnection.Api.Tests.Intergration", "tests\PioConnection.Api.Tests.Intergration\PioConnection.Api.Tests.Intergration.csproj", "{EAAAC2E5-E9BE-4731-8111-0B15D13B8612}"
EndProject
Project("{FAE04EC0-301F-11D3-BF4B-00C04F79EFBC}") = "PioConnection.Commands.Tests.Unit", "tests\PioConnection.Commands.Tests.Unit\PioConnection.Commands.Tests.Unit.csproj", "{58DDFCEE-EEB8-490A-A495-1D860DDA5EFB}"
EndProject
Global
	GlobalSection(SolutionConfigurationPlatforms) = preSolution
		Debug|Any CPU = Debug|Any CPU
		Release|Any CPU = Release|Any CPU
	EndGlobalSection
	GlobalSection(ProjectConfigurationPlatforms) = postSolution
		{BA541263-5D38-4C44-A9B2-014073A6674F}.Debug|Any CPU.ActiveCfg = Debug|Any CPU
		{BA541263-5D38-4C44-A9B2-014073A6674F}.Debug|Any CPU.Build.0 = Debug|Any CPU
		{BA541263-5D38-4C44-A9B2-014073A6674F}.Release|Any CPU.ActiveCfg = Release|Any CPU
		{BA541263-5D38-4C44-A9B2-014073A6674F}.Release|Any CPU.Build.0 = Release|Any CPU
		{D6515B03-6D58-4D2E-9634-5BD9BCF1FCDC}.Debug|Any CPU.ActiveCfg = Debug|Any CPU
		{D6515B03-6D58-4D2E-9634-5BD9BCF1FCDC}.Debug|Any CPU.Build.0 = Debug|Any CPU
		{D6515B03-6D58-4D2E-9634-5BD9BCF1FCDC}.Release|Any CPU.ActiveCfg = Release|Any CPU
		{D6515B03-6D58-4D2E-9634-5BD9BCF1FCDC}.Release|Any CPU.Build.0 = Release|Any CPU
		{24EB3A37-2AFB-4367-9D1F-86F79700AAB9}.Debug|Any CPU.ActiveCfg = Debug|Any CPU
		{24EB3A37-2AFB-4367-9D1F-86F79700AAB9}.Debug|Any CPU.Build.0 = Debug|Any CPU
		{24EB3A37-2AFB-4367-9D1F-86F79700AAB9}.Release|Any CPU.ActiveCfg = Release|Any CPU
		{24EB3A37-2AFB-4367-9D1F-86F79700AAB9}.Release|Any CPU.Build.0 = Release|Any CPU
		{FAA44922-972C-4082-9FF4-4CB70D98B210}.Debug|Any CPU.ActiveCfg = Debug|Any CPU
		{FAA44922-972C-4082-9FF4-4CB70D98B210}.Debug|Any CPU.Build.0 = Debug|Any CPU
		{FAA44922-972C-4082-9FF4-4CB70D98B210}.Release|Any CPU.ActiveCfg = Release|Any CPU
		{FAA44922-972C-4082-9FF4-4CB70D98B210}.Release|Any CPU.Build.0 = Release|Any CPU
		{EAAAC2E5-E9BE-4731-8111-0B15D13B8612}.Debug|Any CPU.ActiveCfg = Debug|Any CPU
		{EAAAC2E5-E9BE-4731-8111-0B15D13B8612}.Debug|Any CPU.Build.0 = Debug|Any CPU
		{EAAAC2E5-E9BE-4731-8111-0B15D13B8612}.Release|Any CPU.ActiveCfg = Release|Any CPU
		{EAAAC2E5-E9BE-4731-8111-0B15D13B8612}.Release|Any CPU.Build.0 = Release|Any CPU
		{58DDFCEE-EEB8-490A-A495-1D860DDA5EFB}.Debug|Any CPU.ActiveCfg = Debug|Any CPU
		{58DDFCEE-EEB8-490A-A495-1D860DDA5EFB}.Debug|Any CPU.Build.0 = Debug|Any CPU
		{58DDFCEE-EEB8-490A-A495-1D860DDA5EFB}.Release|Any CPU.ActiveCfg = Release|Any CPU
		{58DDFCEE-EEB8-490A-A495-1D860DDA5EFB}.Release|Any CPU.Build.0 = Release|Any CPU
	EndGlobalSection
	GlobalSection(NestedProjects) = preSolution
		{BA541263-5D38-4C44-A9B2-014073A6674F} = {A161700E-10CA-4835-9C45-068CDDD9B81C}
		{D6515B03-6D58-4D2E-9634-5BD9BCF1FCDC} = {A161700E-10CA-4835-9C45-068CDDD9B81C}
		{24EB3A37-2AFB-4367-9D1F-86F79700AAB9} = {A161700E-10CA-4835-9C45-068CDDD9B81C}
		{FAA44922-972C-4082-9FF4-4CB70D98B210} = {928746BF-2D8A-4591-929C-5A9EEDDF13B9}
		{EAAAC2E5-E9BE-4731-8111-0B15D13B8612} = {928746BF-2D8A-4591-929C-5A9EEDDF13B9}
		{58DDFCEE-EEB8-490A-A495-1D860DDA5EFB} = {928746BF-2D8A-4591-929C-5A9EEDDF13B9}
	EndGlobalSection
EndGlobal
